
Microsoft Visual Studio Solution File, Format Version 12.00
# Visual Studio Version 17
VisualStudioVersion = 17.4.33205.214
MinimumVisualStudioVersion = 10.0.40219.1
Project("{9A19103F-16F7-4668-BE54-9A1E7A4F7556}") = "PythonOedLibrary", "PythonOedLibrary\PythonOedLibrary.csproj", "{2DFBD02E-67C1-4251-B36B-040762D27637}"
EndProject
Project("{2150E333-8FDC-42A3-9474-1A3956D46DE8}") = "Class projects", "Class projects", "{AD120DA3-E918-4DA5-A769-19210D773568}"
EndProject
Project("{2150E333-8FDC-42A3-9474-1A3956D46DE8}") = "Front end projects", "Front end projects", "{AD923EAC-724A-47EF-9D3D-5372CE235FDE}"
EndProject
Project("{888888A0-9F3D-457C-B088-3A5042F75D52}") = "PythonApplication1", "PythonApplication1\PythonApplication1.pyproj", "{169EB397-0C57-400E-8AC9-2F7FE4ED2549}"
EndProject
Project("{2150E333-8FDC-42A3-9474-1A3956D46DE8}") = "Solution Items", "Solution Items", "{C4513504-F152-4E73-9AE4-F7F20A64BCFE}"
	ProjectSection(SolutionItems) = preProject
		readme.md = readme.md
	EndProjectSection
EndProject
Global
	GlobalSection(SolutionConfigurationPlatforms) = preSolution
		Debug|Any CPU = Debug|Any CPU
		Release|Any CPU = Release|Any CPU
	EndGlobalSection
	GlobalSection(ProjectConfigurationPlatforms) = postSolution
		{2DFBD02E-67C1-4251-B36B-040762D27637}.Debug|Any CPU.ActiveCfg = Debug|Any CPU
		{2DFBD02E-67C1-4251-B36B-040762D27637}.Debug|Any CPU.Build.0 = Debug|Any CPU
		{2DFBD02E-67C1-4251-B36B-040762D27637}.Release|Any CPU.ActiveCfg = Release|Any CPU
		{2DFBD02E-67C1-4251-B36B-040762D27637}.Release|Any CPU.Build.0 = Release|Any CPU
		{169EB397-0C57-400E-8AC9-2F7FE4ED2549}.Debug|Any CPU.ActiveCfg = Debug|Any CPU
		{169EB397-0C57-400E-8AC9-2F7FE4ED2549}.Release|Any CPU.ActiveCfg = Release|Any CPU
	EndGlobalSection
	GlobalSection(SolutionProperties) = preSolution
		HideSolutionNode = FALSE
	EndGlobalSection
	GlobalSection(NestedProjects) = preSolution
		{2DFBD02E-67C1-4251-B36B-040762D27637} = {AD120DA3-E918-4DA5-A769-19210D773568}
		{169EB397-0C57-400E-8AC9-2F7FE4ED2549} = {AD923EAC-724A-47EF-9D3D-5372CE235FDE}
	EndGlobalSection
	GlobalSection(ExtensibilityGlobals) = postSolution
		SolutionGuid = {9E9B6BBB-CA1A-4767-BEF3-F3E4CCF7E4CF}
	EndGlobalSection
EndGlobal
